
Microsoft Visual Studio Solution File, Format Version 12.00
# Visual Studio Version 16
VisualStudioVersion = 16.0.30204.135
MinimumVisualStudioVersion = 10.0.40219.1
Project("{FAE04EC0-301F-11D3-BF4B-00C04F79EFBC}") = "PPnetwork", "PPnetwork\PPnetwork.csproj", "{11176157-E850-4269-8E98-D85BB1092643}"
EndProject
Global
	GlobalSection(SolutionConfigurationPlatforms) = preSolution
		Debug|Any CPU = Debug|Any CPU
		Release|Any CPU = Release|Any CPU
	EndGlobalSection
	GlobalSection(ProjectConfigurationPlatforms) = postSolution
		{11176157-E850-4269-8E98-D85BB1092643}.Debug|Any CPU.ActiveCfg = Debug|Any CPU
		{11176157-E850-4269-8E98-D85BB1092643}.Debug|Any CPU.Build.0 = Debug|Any CPU
		{11176157-E850-4269-8E98-D85BB1092643}.Release|Any CPU.ActiveCfg = Release|Any CPU
		{11176157-E850-4269-8E98-D85BB1092643}.Release|Any CPU.Build.0 = Release|Any CPU
	EndGlobalSection
	GlobalSection(SolutionProperties) = preSolution
		HideSolutionNode = FALSE
	EndGlobalSection
	GlobalSection(ExtensibilityGlobals) = postSolution
		SolutionGuid = {813E4AFD-0A8C-4EDC-965F-32B9862271EA}
	EndGlobalSection
EndGlobal
